
Microsoft Visual Studio Solution File, Format Version 12.00
# Visual Studio Version 16
VisualStudioVersion = 16.0.32106.194
MinimumVisualStudioVersion = 10.0.40219.1
Project("{FAE04EC0-301F-11D3-BF4B-00C04F79EFBC}") = "TestProject", "TestProject.csproj", "{7A1FFCC6-2A20-4E80-B78F-3602C7F19790}"
EndProject
Global
	GlobalSection(SolutionConfigurationPlatforms) = preSolution
		Debug|Any CPU = Debug|Any CPU
		Release|Any CPU = Release|Any CPU
	EndGlobalSection
	GlobalSection(ProjectConfigurationPlatforms) = postSolution
		{7A1FFCC6-2A20-4E80-B78F-3602C7F19790}.Debug|Any CPU.ActiveCfg = Debug|Any CPU
		{7A1FFCC6-2A20-4E80-B78F-3602C7F19790}.Debug|Any CPU.Build.0 = Debug|Any CPU
		{7A1FFCC6-2A20-4E80-B78F-3602C7F19790}.Release|Any CPU.ActiveCfg = Release|Any CPU
		{7A1FFCC6-2A20-4E80-B78F-3602C7F19790}.Release|Any CPU.Build.0 = Release|Any CPU
	EndGlobalSection
	GlobalSection(SolutionProperties) = preSolution
		HideSolutionNode = FALSE
	EndGlobalSection
	GlobalSection(ExtensibilityGlobals) = postSolution
		SolutionGuid = {0D338116-5291-42C9-BA93-CA1463A59194}
	EndGlobalSection
EndGlobal
